// !$*UTF8*$!
{
	archiveVersion = 1;
	classes = {
	};
	objectVersion = 46;
	objects = {

/* Begin PBXBuildFile section */
		28A2018A1D6644F400033789 /* main.m in Sources */ = {isa = PBXBuildFile; fileRef = 28A201891D6644F400033789 /* main.m */; };
		28A201921D66465600033789 /* Character.m in Sources */ = {isa = PBXBuildFile; fileRef = 28A201911D66465600033789 /* Character.m */; };
		28A201951D678B7600033789 /* duck.m in Sources */ = {isa = PBXBuildFile; fileRef = 28A201941D678B7600033789 /* duck.m */; };
		28A201981D67A6C700033789 /* rabbit.m in Sources */ = {isa = PBXBuildFile; fileRef = 28A201971D67A6C700033789 /* rabbit.m */; };
/* End PBXBuildFile section */

/* Begin PBXCopyFilesBuildPhase section */
		28A201841D6644F400033789 /* CopyFiles */ = {
			isa = PBXCopyFilesBuildPhase;
			buildActionMask = 2147483647;
			dstPath = /usr/share/man/man1/;
			dstSubfolderSpec = 0;
			files = (
			);
			runOnlyForDeploymentPostprocessing = 1;
		};
/* End PBXCopyFilesBuildPhase section */

/* Begin PBXFileReference section */
		28A201861D6644F400033789 /* week2RPG */ = {isa = PBXFileReference; explicitFileType = "compiled.mach-o.executable"; includeInIndex = 0; path = week2RPG; sourceTree = BUILT_PRODUCTS_DIR; };
		28A201891D6644F400033789 /* main.m */ = {isa = PBXFileReference; lastKnownFileType = sourcecode.c.objc; path = main.m; sourceTree = "<group>"; };
		28A201901D66465600033789 /* Character.h */ = {isa = PBXFileReference; fileEncoding = 4; lastKnownFileType = sourcecode.c.h; path = Character.h; sourceTree = "<group>"; };
		28A201911D66465600033789 /* Character.m */ = {isa = PBXFileReference; fileEncoding = 4; lastKnownFileType = sourcecode.c.objc; path = Character.m; sourceTree = "<group>"; };
		28A201931D678B7600033789 /* duck.h */ = {isa = PBXFileReference; fileEncoding = 4; lastKnownFileType = sourcecode.c.h; path = duck.h; sourceTree = "<group>"; };
		28A201941D678B7600033789 /* duck.m */ = {isa = PBXFileReference; fileEncoding = 4; lastKnownFileType = sourcecode.c.objc; path = duck.m; sourceTree = "<group>"; };
		28A201961D67A6C700033789 /* rabbit.h */ = {isa = PBXFileReference; fileEncoding = 4; lastKnownFileType = sourcecode.c.h; path = rabbit.h; sourceTree = "<group>"; };
		28A201971D67A6C700033789 /* rabbit.m */ = {isa = PBXFileReference; fileEncoding = 4; lastKnownFileType = sourcecode.c.objc; path = rabbit.m; sourceTree = "<group>"; };
/* End PBXFileReference section */

/* Begin PBXFrameworksBuildPhase section */
		28A201831D6644F400033789 /* Frameworks */ = {
			isa = PBXFrameworksBuildPhase;
			buildActionMask = 2147483647;
			files = (
			);
			runOnlyForDeploymentPostprocessing = 0;
		};
/* End PBXFrameworksBuildPhase section */

/* Begin PBXGroup section */
		28A2017D1D6644F400033789 = {
			isa = PBXGroup;
			children = (
				28A201881D6644F400033789 /* week2RPG */,
				28A201871D6644F400033789 /* Products */,
			);
			sourceTree = "<group>";
		};
		28A201871D6644F400033789 /* Products */ = {
			isa = PBXGroup;
			children = (
				28A201861D6644F400033789 /* week2RPG */,
			);
			name = Products;
			sourceTree = "<group>";
		};
		28A201881D6644F400033789 /* week2RPG */ = {
			isa = PBXGroup;
			children = (
				28A201891D6644F400033789 /* main.m */,
				28A201901D66465600033789 /* Character.h */,
				28A201931D678B7600033789 /* duck.h */,
				28A201941D678B7600033789 /* duck.m */,
				28A201961D67A6C700033789 /* rabbit.h */,
				28A201971D67A6C700033789 /* rabbit.m */,
				28A201911D66465600033789 /* Character.m */,
			);
			path = week2RPG;
			sourceTree = "<group>";
		};
/* End PBXGroup section */

/* Begin PBXNativeTarget section */
		28A201851D6644F400033789 /* week2RPG */ = {
			isa = PBXNativeTarget;
			buildConfigurationList = 28A2018D1D6644F400033789 /* Build configuration list for PBXNativeTarget "week2RPG" */;
			buildPhases = (
				28A201821D6644F400033789 /* Sources */,
				28A201831D6644F400033789 /* Frameworks */,
				28A201841D6644F400033789 /* CopyFiles */,
			);
			buildRules = (
			);
			dependencies = (
			);
			name = week2RPG;
			productName = week2RPG;
			productReference = 28A201861D6644F400033789 /* week2RPG */;
			productType = "com.apple.product-type.tool";
		};
/* End PBXNativeTarget section */

/* Begin PBXProject section */
		28A2017E1D6644F400033789 /* Project object */ = {
			isa = PBXProject;
			attributes = {
				LastUpgradeCheck = 0800;
				ORGANIZATIONNAME = "Neil Vitale";
				TargetAttributes = {
					28A201851D6644F400033789 = {
						CreatedOnToolsVersion = 8.0;
						ProvisioningStyle = Automatic;
					};
				};
			};
			buildConfigurationList = 28A201811D6644F400033789 /* Build configuration list for PBXProject "week2RPG" */;
			compatibilityVersion = "Xcode 3.2";
			developmentRegion = English;
			hasScannedForEncodings = 0;
			knownRegions = (
				en,
			);
			mainGroup = 28A2017D1D6644F400033789;
			productRefGroup = 28A201871D6644F400033789 /* Products */;
			projectDirPath = "";
			projectRoot = "";
			targets = (
				28A201851D6644F400033789 /* week2RPG */,
			);
		};
/* End PBXProject section */

/* Begin PBXSourcesBuildPhase section */
		28A201821D6644F400033789 /* Sources */ = {
			isa = PBXSourcesBuildPhase;
			buildActionMask = 2147483647;
			files = (
				28A2018A1D6644F400033789 /* main.m in Sources */,
				28A201921D66465600033789 /* Character.m in Sources */,
				28A201951D678B7600033789 /* duck.m in Sources */,
				28A201981D67A6C700033789 /* rabbit.m in Sources */,
			);
			runOnlyForDeploymentPostprocessing = 0;
		};
/* End PBXSourcesBuildPhase section */

/* Begin XCBuildConfiguration section */
		28A2018B1D6644F400033789 /* Debug */ = {
			isa = XCBuildConfiguration;
			buildSettings = {
				ALWAYS_SEARCH_USER_PATHS = NO;
				CLANG_ANALYZER_NONNULL = YES;
				CLANG_CXX_LANGUAGE_STANDARD = "gnu++0x";
				CLANG_CXX_LIBRARY = "libc++";
				CLANG_ENABLE_MODULES = YES;
				CLANG_ENABLE_OBJC_ARC = YES;
				CLANG_WARN_BOOL_CONVERSION = YES;
				CLANG_WARN_CONSTANT_CONVERSION = YES;
				CLANG_WARN_DIRECT_OBJC_ISA_USAGE = YES_ERROR;
				CLANG_WARN_DOCUMENTATION_COMMENTS = YES;
				CLANG_WARN_EMPTY_BODY = YES;
				CLANG_WARN_ENUM_CONVERSION = YES;
				CLANG_WARN_INFINITE_RECURSION = YES;
				CLANG_WARN_INT_CONVERSION = YES;
				CLANG_WARN_OBJC_ROOT_CLASS = YES_ERROR;
				CLANG_WARN_SUSPICIOUS_MOVES = YES;
				CLANG_WARN_UNREACHABLE_CODE = YES;
				CLANG_WARN__DUPLICATE_METHOD_MATCH = YES;
				CODE_SIGN_IDENTITY = "-";
				COPY_PHASE_STRIP = NO;
				DEBUG_INFORMATION_FORMAT = dwarf;
				ENABLE_STRICT_OBJC_MSGSEND = YES;
				ENABLE_TESTABILITY = YES;
				GCC_C_LANGUAGE_STANDARD = gnu99;
				GCC_DYNAMIC_NO_PIC = NO;
				GCC_NO_COMMON_BLOCKS = YES;
				GCC_OPTIMIZATION_LEVEL = 0;
				GCC_PREPROCESSOR_DEFINITIONS = (
					"DEBUG=1",
					"$(inherited)",
				);
				GCC_WARN_64_TO_32_BIT_CONVERSION = YES;
				GCC_WARN_ABOUT_RETURN_TYPE = YES_ERROR;
				GCC_WARN_UNDECLARED_SELECTOR = YES;
				GCC_WARN_UNINITIALIZED_AUTOS = YES_AGGRESSIVE;
				GCC_WARN_UNUSED_FUNCTION = YES;
				GCC_WARN_UNUSED_VARIABLE = YES;
				MACOSX_DEPLOYMENT_TARGET = 10.11;
				MTL_ENABLE_DEBUG_INFO = YES;
				ONLY_ACTIVE_ARCH = YES;
				SDKROOT = macosx;
			};
			name = Debug;
		};
		28A2018C1D6644F400033789 /* Release */ = {
			isa = XCBuildConfiguration;
			buildSettings = {
				ALWAYS_SEARCH_USER_PATHS = NO;
				CLANG_ANALYZER_NONNULL = YES;
				CLANG_CXX_LANGUAGE_STANDARD = "gnu++0x";
				CLANG_CXX_LIBRARY = "libc++";
				CLANG_ENABLE_MODULES = YES;
				CLANG_ENABLE_OBJC_ARC = YES;
				CLANG_WARN_BOOL_CONVERSION = YES;
				CLANG_WARN_CONSTANT_CONVERSION = YES;
				CLANG_WARN_DIRECT_OBJC_ISA_USAGE = YES_ERROR;
				CLANG_WARN_DOCUMENTATION_COMMENTS = YES;
				CLANG_WARN_EMPTY_BODY = YES;
				CLANG_WARN_ENUM_CONVERSION = YES;
				CLANG_WARN_INFINITE_RECURSION = YES;
				CLANG_WARN_INT_CONVERSION = YES;
				CLANG_WARN_OBJC_ROOT_CLASS = YES_ERROR;
				CLANG_WARN_SUSPICIOUS_MOVES = YES;
				CLANG_WARN_UNREACHABLE_CODE = YES;
				CLANG_WARN__DUPLICATE_METHOD_MATCH = YES;
				CODE_SIGN_IDENTITY = "-";
				COPY_PHASE_STRIP = NO;
				DEBUG_INFORMATION_FORMAT = "dwarf-with-dsym";
				ENABLE_NS_ASSERTIONS = NO;
				ENABLE_STRICT_OBJC_MSGSEND = YES;
				GCC_C_LANGUAGE_STANDARD = gnu99;
				GCC_NO_COMMON_BLOCKS = YES;
				GCC_WARN_64_TO_32_BIT_CONVERSION = YES;
				GCC_WARN_ABOUT_RETURN_TYPE = YES_ERROR;
				GCC_WARN_UNDECLARED_SELECTOR = YES;
				GCC_WARN_UNINITIALIZED_AUTOS = YES_AGGRESSIVE;
				GCC_WARN_UNUSED_FUNCTION = YES;
				GCC_WARN_UNUSED_VARIABLE = YES;
				MACOSX_DEPLOYMENT_TARGET = 10.11;
				MTL_ENABLE_DEBUG_INFO = NO;
				SDKROOT = macosx;
			};
			name = Release;
		};
		28A2018E1D6644F400033789 /* Debug */ = {
			isa = XCBuildConfiguration;
			buildSettings = {
				PRODUCT_NAME = "$(TARGET_NAME)";
			};
			name = Debug;
		};
		28A2018F1D6644F400033789 /* Release */ = {
			isa = XCBuildConfiguration;
			buildSettings = {
				PRODUCT_NAME = "$(TARGET_NAME)";
			};
			name = Release;
		};
/* End XCBuildConfiguration section */

/* Begin XCConfigurationList section */
		28A201811D6644F400033789 /* Build configuration list for PBXProject "week2RPG" */ = {
			isa = XCConfigurationList;
			buildConfigurations = (
				28A2018B1D6644F400033789 /* Debug */,
				28A2018C1D6644F400033789 /* Release */,
			);
			defaultConfigurationIsVisible = 0;
			defaultConfigurationName = Release;
		};
		28A2018D1D6644F400033789 /* Build configuration list for PBXNativeTarget "week2RPG" */ = {
			isa = XCConfigurationList;
			buildConfigurations = (
				28A2018E1D6644F400033789 /* Debug */,
				28A2018F1D6644F400033789 /* Release */,
			);
			defaultConfigurationIsVisible = 0;
		};
/* End XCConfigurationList section */
	};
	rootObject = 28A2017E1D6644F400033789 /* Project object */;
}
